
Microsoft Visual Studio Solution File, Format Version 12.00
# Visual Studio 15
VisualStudioVersion = 15.0.28306.52
MinimumVisualStudioVersion = 10.0.40219.1
Project("{FAE04EC0-301F-11D3-BF4B-00C04F79EFBC}") = "WFA_Cafe", "WFA_Cafe\WFA_Cafe.csproj", "{018E874B-CDEE-4BCB-A527-71402C99934B}"
EndProject
Global
	GlobalSection(SolutionConfigurationPlatforms) = preSolution
		Debug|Any CPU = Debug|Any CPU
		Release|Any CPU = Release|Any CPU
	EndGlobalSection
	GlobalSection(ProjectConfigurationPlatforms) = postSolution
		{018E874B-CDEE-4BCB-A527-71402C99934B}.Debug|Any CPU.ActiveCfg = Debug|Any CPU
		{018E874B-CDEE-4BCB-A527-71402C99934B}.Debug|Any CPU.Build.0 = Debug|Any CPU
		{018E874B-CDEE-4BCB-A527-71402C99934B}.Release|Any CPU.ActiveCfg = Release|Any CPU
		{018E874B-CDEE-4BCB-A527-71402C99934B}.Release|Any CPU.Build.0 = Release|Any CPU
	EndGlobalSection
	GlobalSection(SolutionProperties) = preSolution
		HideSolutionNode = FALSE
	EndGlobalSection
	GlobalSection(ExtensibilityGlobals) = postSolution
		SolutionGuid = {D28AF9CE-F215-4870-A8EE-5FFC2E069086}
	EndGlobalSection
EndGlobal
